
Microsoft Visual Studio Solution File, Format Version 12.00
Project("{FAE04EC0-301F-11D3-BF4B-00C04F79EFBC}") = "Soulgram.EventLogger", "Soulgram.EventLogger.csproj", "{F9F5F97B-824E-42E7-8417-B7D2534A576E}"
EndProject
Global
	GlobalSection(SolutionConfigurationPlatforms) = preSolution
		Debug|Any CPU = Debug|Any CPU
		Release|Any CPU = Release|Any CPU
	EndGlobalSection
	GlobalSection(ProjectConfigurationPlatforms) = postSolution
		{F9F5F97B-824E-42E7-8417-B7D2534A576E}.Debug|Any CPU.ActiveCfg = Debug|Any CPU
		{F9F5F97B-824E-42E7-8417-B7D2534A576E}.Debug|Any CPU.Build.0 = Debug|Any CPU
		{F9F5F97B-824E-42E7-8417-B7D2534A576E}.Release|Any CPU.ActiveCfg = Release|Any CPU
		{F9F5F97B-824E-42E7-8417-B7D2534A576E}.Release|Any CPU.Build.0 = Release|Any CPU
	EndGlobalSection
EndGlobal
